
Microsoft Visual Studio Solution File, Format Version 12.00
# Visual Studio 15
VisualStudioVersion = 15.0.28307.489
MinimumVisualStudioVersion = 10.0.40219.1
Project("{FAE04EC0-301F-11D3-BF4B-00C04F79EFBC}") = "treciZadatak", "treciZadatak\treciZadatak.csproj", "{AD2676BD-05D6-4030-9BAE-E2E6F0C7C3BC}"
EndProject
Global
	GlobalSection(SolutionConfigurationPlatforms) = preSolution
		Debug|Any CPU = Debug|Any CPU
		Release|Any CPU = Release|Any CPU
	EndGlobalSection
	GlobalSection(ProjectConfigurationPlatforms) = postSolution
		{AD2676BD-05D6-4030-9BAE-E2E6F0C7C3BC}.Debug|Any CPU.ActiveCfg = Debug|Any CPU
		{AD2676BD-05D6-4030-9BAE-E2E6F0C7C3BC}.Debug|Any CPU.Build.0 = Debug|Any CPU
		{AD2676BD-05D6-4030-9BAE-E2E6F0C7C3BC}.Release|Any CPU.ActiveCfg = Release|Any CPU
		{AD2676BD-05D6-4030-9BAE-E2E6F0C7C3BC}.Release|Any CPU.Build.0 = Release|Any CPU
	EndGlobalSection
	GlobalSection(SolutionProperties) = preSolution
		HideSolutionNode = FALSE
	EndGlobalSection
	GlobalSection(ExtensibilityGlobals) = postSolution
		SolutionGuid = {1AFECDD4-6E0A-4A7D-9ABC-E97C97D22F35}
	EndGlobalSection
EndGlobal
